// !$*UTF8*$!
{
	archiveVersion = 1;
	classes = {
	};
	objectVersion = 48;
	objects = {

/* Begin PBXBuildFile section */
		187979692026D8A200A7CA1F /* RAddressViewController.m in Sources */ = {isa = PBXBuildFile; fileRef = 187979682026D8A200A7CA1F /* RAddressViewController.m */; };
		1879796C2027020F00A7CA1F /* RPersonViewController.m in Sources */ = {isa = PBXBuildFile; fileRef = 1879796B2027020F00A7CA1F /* RPersonViewController.m */; };
		7915F537203190B20091D716 /* RMessageInfo.m in Sources */ = {isa = PBXBuildFile; fileRef = 7915F536203190B20091D716 /* RMessageInfo.m */; };
		7915F53A2032B74D0091D716 /* RPickerView.m in Sources */ = {isa = PBXBuildFile; fileRef = 7915F5392032B74D0091D716 /* RPickerView.m */; };
		7915F53D2032BBB80091D716 /* RRatePickerView.m in Sources */ = {isa = PBXBuildFile; fileRef = 7915F53C2032BBB80091D716 /* RRatePickerView.m */; };
		792936EE20088AB600C0A970 /* RLoginViewController.m in Sources */ = {isa = PBXBuildFile; fileRef = 792936ED20088AB600C0A970 /* RLoginViewController.m */; };
		792936F120088AC700C0A970 /* RQRCodeViewController.m in Sources */ = {isa = PBXBuildFile; fileRef = 792936F020088AC700C0A970 /* RQRCodeViewController.m */; };
		792936F420089D7800C0A970 /* UICountingLabel.m in Sources */ = {isa = PBXBuildFile; fileRef = 792936F320089D7800C0A970 /* UICountingLabel.m */; };
		792936F720089EF800C0A970 /* WBLoginTextField.m in Sources */ = {isa = PBXBuildFile; fileRef = 792936F620089EF800C0A970 /* WBLoginTextField.m */; };
		792936FA2008AF5000C0A970 /* WBLoginButton.m in Sources */ = {isa = PBXBuildFile; fileRef = 792936F92008AF4F00C0A970 /* WBLoginButton.m */; };
		792936FD2008B09500C0A970 /* WBLoadingView.m in Sources */ = {isa = PBXBuildFile; fileRef = 792936FC2008B09500C0A970 /* WBLoadingView.m */; };
		792937092008BD4E00C0A970 /* WBAPIManager.m in Sources */ = {isa = PBXBuildFile; fileRef = 792937042008BD4E00C0A970 /* WBAPIManager.m */; };
		7929370B2008BD4E00C0A970 /* WBStoreManager.m in Sources */ = {isa = PBXBuildFile; fileRef = 792937062008BD4E00C0A970 /* WBStoreManager.m */; };
		79293711200C764A00C0A970 /* WBMediator.m in Sources */ = {isa = PBXBuildFile; fileRef = 79293710200C764A00C0A970 /* WBMediator.m */; };
		79293714200C7D4100C0A970 /* RMessageViewController.m in Sources */ = {isa = PBXBuildFile; fileRef = 79293713200C7D4100C0A970 /* RMessageViewController.m */; };
		79293717200C8B8100C0A970 /* RHomeBottomView.m in Sources */ = {isa = PBXBuildFile; fileRef = 79293716200C8B8100C0A970 /* RHomeBottomView.m */; };
		7929371A200C8F8600C0A970 /* RConfigureView.m in Sources */ = {isa = PBXBuildFile; fileRef = 79293719200C8F8600C0A970 /* RConfigureView.m */; };
		7929371C200CA74900C0A970 /* CoreBluetooth.framework in Frameworks */ = {isa = PBXBuildFile; fileRef = 7929371B200CA74900C0A970 /* CoreBluetooth.framework */; };
		79293726200F3D0E00C0A970 /* RHomeContentCell.m in Sources */ = {isa = PBXBuildFile; fileRef = 79293725200F3D0E00C0A970 /* RHomeContentCell.m */; };
		79293729200F49C300C0A970 /* RReportViewController.m in Sources */ = {isa = PBXBuildFile; fileRef = 79293728200F49C300C0A970 /* RReportViewController.m */; };
		7929372C200F4B4700C0A970 /* RReportCell.m in Sources */ = {isa = PBXBuildFile; fileRef = 7929372B200F4B4700C0A970 /* RReportCell.m */; };
		7929372F201075FC00C0A970 /* RSettingViewController.m in Sources */ = {isa = PBXBuildFile; fileRef = 7929372E201075FC00C0A970 /* RSettingViewController.m */; };
		79639D5B2004A2160080AB30 /* UIView+YSTextInputKeyboard.m in Sources */ = {isa = PBXBuildFile; fileRef = 79639D072004A2160080AB30 /* UIView+YSTextInputKeyboard.m */; };
		79639D5C2004A2160080AB30 /* UIView+ScaleAnimation.m in Sources */ = {isa = PBXBuildFile; fileRef = 79639D082004A2160080AB30 /* UIView+ScaleAnimation.m */; };
		79639D5D2004A2160080AB30 /* StickyHeaderLayout.m in Sources */ = {isa = PBXBuildFile; fileRef = 79639D092004A2160080AB30 /* StickyHeaderLayout.m */; };
		79639D5F2004A2160080AB30 /* NSDecimalNumber+helper.m in Sources */ = {isa = PBXBuildFile; fileRef = 79639D0F2004A2160080AB30 /* NSDecimalNumber+helper.m */; };
		79639D602004A2160080AB30 /* UIView+Utils.m in Sources */ = {isa = PBXBuildFile; fileRef = 79639D132004A2160080AB30 /* UIView+Utils.m */; };
		79639D632004A2160080AB30 /* UIColor+Gradient.m in Sources */ = {isa = PBXBuildFile; fileRef = 79639D182004A2160080AB30 /* UIColor+Gradient.m */; };
		79639D642004A2160080AB30 /* UITextView+Placeholder.m in Sources */ = {isa = PBXBuildFile; fileRef = 79639D1C2004A2160080AB30 /* UITextView+Placeholder.m */; };
		79639D652004A2160080AB30 /* UITextView+Limit.m in Sources */ = {isa = PBXBuildFile; fileRef = 79639D1E2004A2160080AB30 /* UITextView+Limit.m */; };
		79639D662004A2160080AB30 /* NSObject+MethodSwizzle.m in Sources */ = {isa = PBXBuildFile; fileRef = 79639D202004A2160080AB30 /* NSObject+MethodSwizzle.m */; };
		79639D672004A2160080AB30 /* UIViewController+Alert.m in Sources */ = {isa = PBXBuildFile; fileRef = 79639D242004A2160080AB30 /* UIViewController+Alert.m */; };
		79639D682004A2160080AB30 /* GJAlertAction.m in Sources */ = {isa = PBXBuildFile; fileRef = 79639D252004A2160080AB30 /* GJAlertAction.m */; };
		79639D692004A2160080AB30 /* GJAlertController.m in Sources */ = {isa = PBXBuildFile; fileRef = 79639D272004A2160080AB30 /* GJAlertController.m */; };
		79639D6A2004A2160080AB30 /* UIColor+Theme.m in Sources */ = {isa = PBXBuildFile; fileRef = 79639D282004A2160080AB30 /* UIColor+Theme.m */; };
		79639D6B2004A2160080AB30 /* NSString+RemoveEmoji.m in Sources */ = {isa = PBXBuildFile; fileRef = 79639D2F2004A2160080AB30 /* NSString+RemoveEmoji.m */; };
		79639D6C2004A2160080AB30 /* UIImage+Decoded.m in Sources */ = {isa = PBXBuildFile; fileRef = 79639D312004A2160080AB30 /* UIImage+Decoded.m */; };
		79639D6D2004A2160080AB30 /* NSString+DictionaryValue.m in Sources */ = {isa = PBXBuildFile; fileRef = 79639D322004A2160080AB30 /* NSString+DictionaryValue.m */; };
		79639D6E2004A2160080AB30 /* NSObject+JSONString.m in Sources */ = {isa = PBXBuildFile; fileRef = 79639D332004A2160080AB30 /* NSObject+JSONString.m */; };
		79639D6F2004A2160080AB30 /* UIView+Loading.m in Sources */ = {isa = PBXBuildFile; fileRef = 79639D352004A2160080AB30 /* UIView+Loading.m */; };
		79639D712004A2160080AB30 /* UITextField+CNLimit.m in Sources */ = {isa = PBXBuildFile; fileRef = 79639D3C2004A2160080AB30 /* UITextField+CNLimit.m */; };
		79639D722004A2160080AB30 /* NSDate+BeeExtension.m in Sources */ = {isa = PBXBuildFile; fileRef = 79639D3E2004A2160080AB30 /* NSDate+BeeExtension.m */; };
		79639D732004A2160080AB30 /* UIView+BorderLine.m in Sources */ = {isa = PBXBuildFile; fileRef = 79639D3F2004A2160080AB30 /* UIView+BorderLine.m */; };
		79639D742004A2160080AB30 /* NSDate+YYAdd.m in Sources */ = {isa = PBXBuildFile; fileRef = 79639D402004A2160080AB30 /* NSDate+YYAdd.m */; };
		79639D752004A2160080AB30 /* UITextField+Limit.m in Sources */ = {isa = PBXBuildFile; fileRef = 79639D422004A2160080AB30 /* UITextField+Limit.m */; };
		79639D762004A2160080AB30 /* NSObject+MethodSwizzle.m in Sources */ = {isa = PBXBuildFile; fileRef = 79639D472004A2160080AB30 /* NSObject+MethodSwizzle.m */; };
		79639D772004A2160080AB30 /* UIButton+RoundLayer.m in Sources */ = {isa = PBXBuildFile; fileRef = 79639D492004A2160080AB30 /* UIButton+RoundLayer.m */; };
		79639D782004A2160080AB30 /* UIImageView+RoundLayer.m in Sources */ = {isa = PBXBuildFile; fileRef = 79639D4B2004A2160080AB30 /* UIImageView+RoundLayer.m */; };
		79639D792004A2160080AB30 /* UIImage+Color.m in Sources */ = {isa = PBXBuildFile; fileRef = 79639D4D2004A2160080AB30 /* UIImage+Color.m */; };
		79639D7C2004A2160080AB30 /* NSString+BeeExtension.m in Sources */ = {isa = PBXBuildFile; fileRef = 79639D552004A2160080AB30 /* NSString+BeeExtension.m */; };
		79639D7D2004A2160080AB30 /* UIImage+QRCode.m in Sources */ = {isa = PBXBuildFile; fileRef = 79639D562004A2160080AB30 /* UIImage+QRCode.m */; };
		79639D7E2004A2160080AB30 /* NSData+BeeExtension.m in Sources */ = {isa = PBXBuildFile; fileRef = 79639D572004A2160080AB30 /* NSData+BeeExtension.m */; };
		79639D7F2004A2160080AB30 /* UINavigationBar+Awesome.m in Sources */ = {isa = PBXBuildFile; fileRef = 79639D582004A2160080AB30 /* UINavigationBar+Awesome.m */; };
		79639D802004A2160080AB30 /* UIView+ScreenShot.m in Sources */ = {isa = PBXBuildFile; fileRef = 79639D592004A2160080AB30 /* UIView+ScreenShot.m */; };
		79639D812004A2160080AB30 /* UIImage+Resize.m in Sources */ = {isa = PBXBuildFile; fileRef = 79639D5A2004A2160080AB30 /* UIImage+Resize.m */; };
		7964C11E2015E05500B8A1B5 /* RFingerprintViewController.m in Sources */ = {isa = PBXBuildFile; fileRef = 7964C11D2015E05500B8A1B5 /* RFingerprintViewController.m */; };
		7964C1212015E07200B8A1B5 /* RICViewController.m in Sources */ = {isa = PBXBuildFile; fileRef = 7964C1202015E07200B8A1B5 /* RICViewController.m */; };
		7964C1242015E1C200B8A1B5 /* RFingerPrintCell.m in Sources */ = {isa = PBXBuildFile; fileRef = 7964C1232015E1C200B8A1B5 /* RFingerPrintCell.m */; };
		7964C1272015E21500B8A1B5 /* RICCell.m in Sources */ = {isa = PBXBuildFile; fileRef = 7964C1262015E21500B8A1B5 /* RICCell.m */; };
		7964C12A201709DD00B8A1B5 /* RPrintingViewController.m in Sources */ = {isa = PBXBuildFile; fileRef = 7964C129201709DD00B8A1B5 /* RPrintingViewController.m */; };
		7964C12D20171C9D00B8A1B5 /* RICVerifyViewController.m in Sources */ = {isa = PBXBuildFile; fileRef = 7964C12C20171C9D00B8A1B5 /* RICVerifyViewController.m */; };
		7964C130201735CD00B8A1B5 /* WBSeparateButton.m in Sources */ = {isa = PBXBuildFile; fileRef = 7964C12E201735CC00B8A1B5 /* WBSeparateButton.m */; };
		7964C133201856DA00B8A1B5 /* RFaceViewController.m in Sources */ = {isa = PBXBuildFile; fileRef = 7964C132201856DA00B8A1B5 /* RFaceViewController.m */; };
		79651FBE20049D9300A4759F /* AppDelegate.m in Sources */ = {isa = PBXBuildFile; fileRef = 79651FBD20049D9300A4759F /* AppDelegate.m */; };
		79651FC620049D9300A4759F /* Assets.xcassets in Resources */ = {isa = PBXBuildFile; fileRef = 79651FC520049D9300A4759F /* Assets.xcassets */; };
		79651FCC20049D9300A4759F /* main.m in Sources */ = {isa = PBXBuildFile; fileRef = 79651FCB20049D9300A4759F /* main.m */; };
		79651FD820049F2100A4759F /* RBaseViewController.m in Sources */ = {isa = PBXBuildFile; fileRef = 79651FD720049F2100A4759F /* RBaseViewController.m */; };
		79651FDB20049F4800A4759F /* RBaseNavigationController.m in Sources */ = {isa = PBXBuildFile; fileRef = 79651FDA20049F4800A4759F /* RBaseNavigationController.m */; };
		79651FDE20049F7200A4759F /* RHomeController.m in Sources */ = {isa = PBXBuildFile; fileRef = 79651FDD20049F7200A4759F /* RHomeController.m */; };
		7976F0F22028444C00D09A25 /* RAddPersonViewController.m in Sources */ = {isa = PBXBuildFile; fileRef = 7976F0F12028444C00D09A25 /* RAddPersonViewController.m */; };
		7976F0F52028465800D09A25 /* WBSegView.m in Sources */ = {isa = PBXBuildFile; fileRef = 7976F0F32028465800D09A25 /* WBSegView.m */; };
		7976F0F820284CBC00D09A25 /* RPersonCell.m in Sources */ = {isa = PBXBuildFile; fileRef = 7976F0F720284CBC00D09A25 /* RPersonCell.m */; };
		7976F0FB20284D6000D09A25 /* RPersonInfo.m in Sources */ = {isa = PBXBuildFile; fileRef = 7976F0FA20284D6000D09A25 /* RPersonInfo.m */; };
		7976F0FE2028648C00D09A25 /* WBOrderViewCell.m in Sources */ = {isa = PBXBuildFile; fileRef = 7976F0FD2028648C00D09A25 /* WBOrderViewCell.m */; };
		7976F10120294CE300D09A25 /* RCustomizeCell.m in Sources */ = {isa = PBXBuildFile; fileRef = 7976F10020294CE300D09A25 /* RCustomizeCell.m */; };
		7976F104202AE13800D09A25 /* RDatePickerView.m in Sources */ = {isa = PBXBuildFile; fileRef = 7976F103202AE13800D09A25 /* RDatePickerView.m */; };
		7976F107202C251A00D09A25 /* WBAPIManager+Bussiness.m in Sources */ = {isa = PBXBuildFile; fileRef = 7976F105202C251A00D09A25 /* WBAPIManager+Bussiness.m */; };
		7976F10A202D7FC400D09A25 /* RBaseInfo.m in Sources */ = {isa = PBXBuildFile; fileRef = 7976F109202D7FC400D09A25 /* RBaseInfo.m */; };
		7989F8E62011E46C0025E2FE /* RHomeContentView.m in Sources */ = {isa = PBXBuildFile; fileRef = 7989F8E52011E46C0025E2FE /* RHomeContentView.m */; };
		7989F8E92011E8710025E2FE /* RAuthorizedManager.m in Sources */ = {isa = PBXBuildFile; fileRef = 7989F8E82011E8710025E2FE /* RAuthorizedManager.m */; };
		7989F8EC2011F8ED0025E2FE /* RRecordsViewController.m in Sources */ = {isa = PBXBuildFile; fileRef = 7989F8EB2011F8ED0025E2FE /* RRecordsViewController.m */; };
		79B1DB4420400806004B32A6 /* PPersonRecordsViewController.m in Sources */ = {isa = PBXBuildFile; fileRef = 79B1DB4320400806004B32A6 /* PPersonRecordsViewController.m */; };
		79D0737120108729000203C2 /* RPasswordViewController.m in Sources */ = {isa = PBXBuildFile; fileRef = 79D0737020108729000203C2 /* RPasswordViewController.m */; };
		79D073762011D9C3000203C2 /* RMessageCell.m in Sources */ = {isa = PBXBuildFile; fileRef = 79D073752011D9C3000203C2 /* RMessageCell.m */; };
		79D073792011D9DC000203C2 /* RRecordCell.m in Sources */ = {isa = PBXBuildFile; fileRef = 79D073782011D9DC000203C2 /* RRecordCell.m */; };
		79F3432B2024103000BF6087 /* RHomeCell.m in Sources */ = {isa = PBXBuildFile; fileRef = 79F3432A2024103000BF6087 /* RHomeCell.m */; };
		79F3432E202438EF00BF6087 /* RLockInfo.m in Sources */ = {isa = PBXBuildFile; fileRef = 79F3432D202438EF00BF6087 /* RLockInfo.m */; };
		79F343312024523800BF6087 /* WBSearchBar.m in Sources */ = {isa = PBXBuildFile; fileRef = 79F3432F2024523700BF6087 /* WBSearchBar.m */; };
		79F343342024569A00BF6087 /* RLockInfoViewController.m in Sources */ = {isa = PBXBuildFile; fileRef = 79F343332024569A00BF6087 /* RLockInfoViewController.m */; };
		79F34337202464CF00BF6087 /* RUsageCell.m in Sources */ = {isa = PBXBuildFile; fileRef = 79F34336202464CF00BF6087 /* RUsageCell.m */; };
		79F3433A20246E2200BF6087 /* RRecordInfo.m in Sources */ = {isa = PBXBuildFile; fileRef = 79F3433920246E2200BF6087 /* RRecordInfo.m */; };
		C29562436FC64006C2469825 /* libPods-SmartLock.a in Frameworks */ = {isa = PBXBuildFile; fileRef = 85672A37D73E1F9E3355DDEF /* libPods-SmartLock.a */; };
/* End PBXBuildFile section */

/* Begin PBXFileReference section */
		187979672026D8A200A7CA1F /* RAddressViewController.h */ = {isa = PBXFileReference; fileEncoding = 4; lastKnownFileType = sourcecode.c.h; path = RAddressViewController.h; sourceTree = "<group>"; };
		187979682026D8A200A7CA1F /* RAddressViewController.m */ = {isa = PBXFileReference; fileEncoding = 4; lastKnownFileType = sourcecode.c.objc; path = RAddressViewController.m; sourceTree = "<group>"; };
		1879796A2027020F00A7CA1F /* RPersonViewController.h */ = {isa = PBXFileReference; fileEncoding = 4; lastKnownFileType = sourcecode.c.h; path = RPersonViewController.h; sourceTree = "<group>"; };
		1879796B2027020F00A7CA1F /* RPersonViewController.m */ = {isa = PBXFileReference; fileEncoding = 4; lastKnownFileType = sourcecode.c.objc; path = RPersonViewController.m; sourceTree = "<group>"; };
		7915F535203190B20091D716 /* RMessageInfo.h */ = {isa = PBXFileReference; lastKnownFileType = sourcecode.c.h; path = RMessageInfo.h; sourceTree = "<group>"; };
		7915F536203190B20091D716 /* RMessageInfo.m */ = {isa = PBXFileReference; lastKnownFileType = sourcecode.c.objc; path = RMessageInfo.m; sourceTree = "<group>"; };
		7915F5382032B74D0091D716 /* RPickerView.h */ = {isa = PBXFileReference; lastKnownFileType = sourcecode.c.h; path = RPickerView.h; sourceTree = "<group>"; };
		7915F5392032B74D0091D716 /* RPickerView.m */ = {isa = PBXFileReference; lastKnownFileType = sourcecode.c.objc; path = RPickerView.m; sourceTree = "<group>"; };
		7915F53B2032BBB80091D716 /* RRatePickerView.h */ = {isa = PBXFileReference; lastKnownFileType = sourcecode.c.h; path = RRatePickerView.h; sourceTree = "<group>"; };
		7915F53C2032BBB80091D716 /* RRatePickerView.m */ = {isa = PBXFileReference; lastKnownFileType = sourcecode.c.objc; path = RRatePickerView.m; sourceTree = "<group>"; };
		792936EC20088AB600C0A970 /* RLoginViewController.h */ = {isa = PBXFileReference; lastKnownFileType = sourcecode.c.h; path = RLoginViewController.h; sourceTree = "<group>"; };
		792936ED20088AB600C0A970 /* RLoginViewController.m */ = {isa = PBXFileReference; lastKnownFileType = sourcecode.c.objc; path = RLoginViewController.m; sourceTree = "<group>"; };
		792936EF20088AC700C0A970 /* RQRCodeViewController.h */ = {isa = PBXFileReference; lastKnownFileType = sourcecode.c.h; path = RQRCodeViewController.h; sourceTree = "<group>"; };
		792936F020088AC700C0A970 /* RQRCodeViewController.m */ = {isa = PBXFileReference; lastKnownFileType = sourcecode.c.objc; path = RQRCodeViewController.m; sourceTree = "<group>"; };
		792936F220089D7800C0A970 /* UICountingLabel.h */ = {isa = PBXFileReference; fileEncoding = 4; lastKnownFileType = sourcecode.c.h; path = UICountingLabel.h; sourceTree = "<group>"; };
		792936F320089D7800C0A970 /* UICountingLabel.m */ = {isa = PBXFileReference; fileEncoding = 4; lastKnownFileType = sourcecode.c.objc; path = UICountingLabel.m; sourceTree = "<group>"; };
		792936F520089EF800C0A970 /* WBLoginTextField.h */ = {isa = PBXFileReference; fileEncoding = 4; lastKnownFileType = sourcecode.c.h; path = WBLoginTextField.h; sourceTree = "<group>"; };
		792936F620089EF800C0A970 /* WBLoginTextField.m */ = {isa = PBXFileReference; fileEncoding = 4; lastKnownFileType = sourcecode.c.objc; path = WBLoginTextField.m; sourceTree = "<group>"; };
		792936F82008AF4F00C0A970 /* WBLoginButton.h */ = {isa = PBXFileReference; fileEncoding = 4; lastKnownFileType = sourcecode.c.h; path = WBLoginButton.h; sourceTree = "<group>"; };
		792936F92008AF4F00C0A970 /* WBLoginButton.m */ = {isa = PBXFileReference; fileEncoding = 4; lastKnownFileType = sourcecode.c.objc; path = WBLoginButton.m; sourceTree = "<group>"; };
		792936FB2008B09400C0A970 /* WBLoadingView.h */ = {isa = PBXFileReference; fileEncoding = 4; lastKnownFileType = sourcecode.c.h; path = WBLoadingView.h; sourceTree = "<group>"; };
		792936FC2008B09500C0A970 /* WBLoadingView.m */ = {isa = PBXFileReference; fileEncoding = 4; lastKnownFileType = sourcecode.c.objc; path = WBLoadingView.m; sourceTree = "<group>"; };
		792937002008BD4E00C0A970 /* WBAPIManager.h */ = {isa = PBXFileReference; fileEncoding = 4; lastKnownFileType = sourcecode.c.h; path = WBAPIManager.h; sourceTree = "<group>"; };
		792937022008BD4E00C0A970 /* WBStoreManager.h */ = {isa = PBXFileReference; fileEncoding = 4; lastKnownFileType = sourcecode.c.h; path = WBStoreManager.h; sourceTree = "<group>"; };
		792937042008BD4E00C0A970 /* WBAPIManager.m */ = {isa = PBXFileReference; fileEncoding = 4; lastKnownFileType = sourcecode.c.objc; path = WBAPIManager.m; sourceTree = "<group>"; };
		792937062008BD4E00C0A970 /* WBStoreManager.m */ = {isa = PBXFileReference; fileEncoding = 4; lastKnownFileType = sourcecode.c.objc; path = WBStoreManager.m; sourceTree = "<group>"; };
		7929370F200C764A00C0A970 /* WBMediator.h */ = {isa = PBXFileReference; fileEncoding = 4; lastKnownFileType = sourcecode.c.h; path = WBMediator.h; sourceTree = "<group>"; };
		79293710200C764A00C0A970 /* WBMediator.m */ = {isa = PBXFileReference; fileEncoding = 4; lastKnownFileType = sourcecode.c.objc; path = WBMediator.m; sourceTree = "<group>"; };
		79293712200C7D4100C0A970 /* RMessageViewController.h */ = {isa = PBXFileReference; lastKnownFileType = sourcecode.c.h; path = RMessageViewController.h; sourceTree = "<group>"; };
		79293713200C7D4100C0A970 /* RMessageViewController.m */ = {isa = PBXFileReference; lastKnownFileType = sourcecode.c.objc; path = RMessageViewController.m; sourceTree = "<group>"; };
		79293715200C8B8100C0A970 /* RHomeBottomView.h */ = {isa = PBXFileReference; lastKnownFileType = sourcecode.c.h; path = RHomeBottomView.h; sourceTree = "<group>"; };
		79293716200C8B8100C0A970 /* RHomeBottomView.m */ = {isa = PBXFileReference; lastKnownFileType = sourcecode.c.objc; path = RHomeBottomView.m; sourceTree = "<group>"; };
		79293718200C8F8600C0A970 /* RConfigureView.h */ = {isa = PBXFileReference; lastKnownFileType = sourcecode.c.h; path = RConfigureView.h; sourceTree = "<group>"; };
		79293719200C8F8600C0A970 /* RConfigureView.m */ = {isa = PBXFileReference; lastKnownFileType = sourcecode.c.objc; path = RConfigureView.m; sourceTree = "<group>"; };
		7929371B200CA74900C0A970 /* CoreBluetooth.framework */ = {isa = PBXFileReference; lastKnownFileType = wrapper.framework; name = CoreBluetooth.framework; path = System/Library/Frameworks/CoreBluetooth.framework; sourceTree = SDKROOT; };
		79293724200F3D0E00C0A970 /* RHomeContentCell.h */ = {isa = PBXFileReference; lastKnownFileType = sourcecode.c.h; path = RHomeContentCell.h; sourceTree = "<group>"; };
		79293725200F3D0E00C0A970 /* RHomeContentCell.m */ = {isa = PBXFileReference; lastKnownFileType = sourcecode.c.objc; path = RHomeContentCell.m; sourceTree = "<group>"; };
		79293727200F49C300C0A970 /* RReportViewController.h */ = {isa = PBXFileReference; lastKnownFileType = sourcecode.c.h; path = RReportViewController.h; sourceTree = "<group>"; };
		79293728200F49C300C0A970 /* RReportViewController.m */ = {isa = PBXFileReference; lastKnownFileType = sourcecode.c.objc; path = RReportViewController.m; sourceTree = "<group>"; };
		7929372A200F4B4700C0A970 /* RReportCell.h */ = {isa = PBXFileReference; lastKnownFileType = sourcecode.c.h; path = RReportCell.h; sourceTree = "<group>"; };
		7929372B200F4B4700C0A970 /* RReportCell.m */ = {isa = PBXFileReference; lastKnownFileType = sourcecode.c.objc; path = RReportCell.m; sourceTree = "<group>"; };
		7929372D201075FC00C0A970 /* RSettingViewController.h */ = {isa = PBXFileReference; lastKnownFileType = sourcecode.c.h; path = RSettingViewController.h; sourceTree = "<group>"; };
		7929372E201075FC00C0A970 /* RSettingViewController.m */ = {isa = PBXFileReference; lastKnownFileType = sourcecode.c.objc; path = RSettingViewController.m; sourceTree = "<group>"; };
		794372DC2004A7E200AB8E37 /* APPMacro.h */ = {isa = PBXFileReference; fileEncoding = 4; lastKnownFileType = sourcecode.c.h; path = APPMacro.h; sourceTree = "<group>"; };
		79639D072004A2160080AB30 /* UIView+YSTextInputKeyboard.m */ = {isa = PBXFileReference; fileEncoding = 4; lastKnownFileType = sourcecode.c.objc; path = "UIView+YSTextInputKeyboard.m"; sourceTree = "<group>"; };
		79639D082004A2160080AB30 /* UIView+ScaleAnimation.m */ = {isa = PBXFileReference; fileEncoding = 4; lastKnownFileType = sourcecode.c.objc; path = "UIView+ScaleAnimation.m"; sourceTree = "<group>"; };
		79639D092004A2160080AB30 /* StickyHeaderLayout.m */ = {isa = PBXFileReference; fileEncoding = 4; lastKnownFileType = sourcecode.c.objc; path = StickyHeaderLayout.m; sourceTree = "<group>"; };
		79639D0A2004A2160080AB30 /* UIView+Loading.h */ = {isa = PBXFileReference; fileEncoding = 4; lastKnownFileType = sourcecode.c.h; path = "UIView+Loading.h"; sourceTree = "<group>"; };
		79639D0F2004A2160080AB30 /* NSDecimalNumber+helper.m */ = {isa = PBXFileReference; fileEncoding = 4; lastKnownFileType = sourcecode.c.objc; path = "NSDecimalNumber+helper.m"; sourceTree = "<group>"; };
		79639D102004A2160080AB30 /* NSObject+JSONString.h */ = {isa = PBXFileReference; fileEncoding = 4; lastKnownFileType = sourcecode.c.h; path = "NSObject+JSONString.h"; sourceTree = "<group>"; };
		79639D112004A2160080AB30 /* UIImage+Decoded.h */ = {isa = PBXFileReference; fileEncoding = 4; lastKnownFileType = sourcecode.c.h; path = "UIImage+Decoded.h"; sourceTree = "<group>"; };
		79639D122004A2160080AB30 /* NSString+DictionaryValue.h */ = {isa = PBXFileReference; fileEncoding = 4; lastKnownFileType = sourcecode.c.h; path = "NSString+DictionaryValue.h"; sourceTree = "<group>"; };
		79639D132004A2160080AB30 /* UIView+Utils.m */ = {isa = PBXFileReference; fileEncoding = 4; lastKnownFileType = sourcecode.c.objc; path = "UIView+Utils.m"; sourceTree = "<group>"; };
		79639D152004A2160080AB30 /* UITextField+Limit.h */ = {isa = PBXFileReference; fileEncoding = 4; lastKnownFileType = sourcecode.c.h; path = "UITextField+Limit.h"; sourceTree = "<group>"; };
		79639D172004A2160080AB30 /* NSDate+BeeExtension.h */ = {isa = PBXFileReference; fileEncoding = 4; lastKnownFileType = sourcecode.c.h; path = "NSDate+BeeExtension.h"; sourceTree = "<group>"; };
		79639D182004A2160080AB30 /* UIColor+Gradient.m */ = {isa = PBXFileReference; fileEncoding = 4; lastKnownFileType = sourcecode.c.objc; path = "UIColor+Gradient.m"; sourceTree = "<group>"; };
		79639D192004A2160080AB30 /* NSDate+YYAdd.h */ = {isa = PBXFileReference; fileEncoding = 4; lastKnownFileType = sourcecode.c.h; path = "NSDate+YYAdd.h"; sourceTree = "<group>"; };
		79639D1A2004A2160080AB30 /* UIView+BorderLine.h */ = {isa = PBXFileReference; fileEncoding = 4; lastKnownFileType = sourcecode.c.h; path = "UIView+BorderLine.h"; sourceTree = "<group>"; };
		79639D1B2004A2160080AB30 /* UITextField+CNLimit.h */ = {isa = PBXFileReference; fileEncoding = 4; lastKnownFileType = sourcecode.c.h; path = "UITextField+CNLimit.h"; sourceTree = "<group>"; };
		79639D1C2004A2160080AB30 /* UITextView+Placeholder.m */ = {isa = PBXFileReference; fileEncoding = 4; lastKnownFileType = sourcecode.c.objc; path = "UITextView+Placeholder.m"; sourceTree = "<group>"; };
		79639D1E2004A2160080AB30 /* UITextView+Limit.m */ = {isa = PBXFileReference; fileEncoding = 4; lastKnownFileType = sourcecode.c.objc; path = "UITextView+Limit.m"; sourceTree = "<group>"; };
		79639D1F2004A2160080AB30 /* UIImage+Color.h */ = {isa = PBXFileReference; fileEncoding = 4; lastKnownFileType = sourcecode.c.h; path = "UIImage+Color.h"; sourceTree = "<group>"; };
		79639D202004A2160080AB30 /* NSObject+MethodSwizzle.m */ = {isa = PBXFileReference; fileEncoding = 4; lastKnownFileType = sourcecode.c.objc; path = "NSObject+MethodSwizzle.m"; sourceTree = "<group>"; };
		79639D222004A2160080AB30 /* GJAlertAction.h */ = {isa = PBXFileReference; fileEncoding = 4; lastKnownFileType = sourcecode.c.h; path = GJAlertAction.h; sourceTree = "<group>"; };
		79639D232004A2160080AB30 /* GJAlertController.h */ = {isa = PBXFileReference; fileEncoding = 4; lastKnownFileType = sourcecode.c.h; path = GJAlertController.h; sourceTree = "<group>"; };
		79639D242004A2160080AB30 /* UIViewController+Alert.m */ = {isa = PBXFileReference; fileEncoding = 4; lastKnownFileType = sourcecode.c.objc; path = "UIViewController+Alert.m"; sourceTree = "<group>"; };
		79639D252004A2160080AB30 /* GJAlertAction.m */ = {isa = PBXFileReference; fileEncoding = 4; lastKnownFileType = sourcecode.c.objc; path = GJAlertAction.m; sourceTree = "<group>"; };
		79639D262004A2160080AB30 /* UIViewController+Alert.h */ = {isa = PBXFileReference; fileEncoding = 4; lastKnownFileType = sourcecode.c.h; path = "UIViewController+Alert.h"; sourceTree = "<group>"; };
		79639D272004A2160080AB30 /* GJAlertController.m */ = {isa = PBXFileReference; fileEncoding = 4; lastKnownFileType = sourcecode.c.objc; path = GJAlertController.m; sourceTree = "<group>"; };
		79639D282004A2160080AB30 /* UIColor+Theme.m */ = {isa = PBXFileReference; fileEncoding = 4; lastKnownFileType = sourcecode.c.objc; path = "UIColor+Theme.m"; sourceTree = "<group>"; };
		79639D292004A2160080AB30 /* UIImage+Resize.h */ = {isa = PBXFileReference; fileEncoding = 4; lastKnownFileType = sourcecode.c.h; path = "UIImage+Resize.h"; sourceTree = "<group>"; };
		79639D2A2004A2160080AB30 /* UIView+ScreenShot.h */ = {isa = PBXFileReference; fileEncoding = 4; lastKnownFileType = sourcecode.c.h; path = "UIView+ScreenShot.h"; sourceTree = "<group>"; };
		79639D2B2004A2160080AB30 /* UINavigationBar+Awesome.h */ = {isa = PBXFileReference; fileEncoding = 4; lastKnownFileType = sourcecode.c.h; path = "UINavigationBar+Awesome.h"; sourceTree = "<group>"; };
		79639D2C2004A2160080AB30 /* NSData+BeeExtension.h */ = {isa = PBXFileReference; fileEncoding = 4; lastKnownFileType = sourcecode.c.h; path = "NSData+BeeExtension.h"; sourceTree = "<group>"; };
		79639D2D2004A2160080AB30 /* UIImage+QRCode.h */ = {isa = PBXFileReference; fileEncoding = 4; lastKnownFileType = sourcecode.c.h; path = "UIImage+QRCode.h"; sourceTree = "<group>"; };
		79639D2E2004A2160080AB30 /* NSString+BeeExtension.h */ = {isa = PBXFileReference; fileEncoding = 4; lastKnownFileType = sourcecode.c.h; path = "NSString+BeeExtension.h"; sourceTree = "<group>"; };
		79639D2F2004A2160080AB30 /* NSString+RemoveEmoji.m */ = {isa = PBXFileReference; fileEncoding = 4; lastKnownFileType = sourcecode.c.objc; path = "NSString+RemoveEmoji.m"; sourceTree = "<group>"; };
		79639D302004A2160080AB30 /* UIView+Utils.h */ = {isa = PBXFileReference; fileEncoding = 4; lastKnownFileType = sourcecode.c.h; path = "UIView+Utils.h"; sourceTree = "<group>"; };
		79639D312004A2160080AB30 /* UIImage+Decoded.m */ = {isa = PBXFileReference; fileEncoding = 4; lastKnownFileType = sourcecode.c.objc; path = "UIImage+Decoded.m"; sourceTree = "<group>"; };
		79639D322004A2160080AB30 /* NSString+DictionaryValue.m */ = {isa = PBXFileReference; fileEncoding = 4; lastKnownFileType = sourcecode.c.objc; path = "NSString+DictionaryValue.m"; sourceTree = "<group>"; };
		79639D332004A2160080AB30 /* NSObject+JSONString.m */ = {isa = PBXFileReference; fileEncoding = 4; lastKnownFileType = sourcecode.c.objc; path = "NSObject+JSONString.m"; sourceTree = "<group>"; };
		79639D342004A2160080AB30 /* NSDecimalNumber+helper.h */ = {isa = PBXFileReference; fileEncoding = 4; lastKnownFileType = sourcecode.c.h; path = "NSDecimalNumber+helper.h"; sourceTree = "<group>"; };
		79639D352004A2160080AB30 /* UIView+Loading.m */ = {isa = PBXFileReference; fileEncoding = 4; lastKnownFileType = sourcecode.c.objc; path = "UIView+Loading.m"; sourceTree = "<group>"; };
		79639D362004A2160080AB30 /* StickyHeaderLayout.h */ = {isa = PBXFileReference; fileEncoding = 4; lastKnownFileType = sourcecode.c.h; path = StickyHeaderLayout.h; sourceTree = "<group>"; };
		79639D372004A2160080AB30 /* UIView+ScaleAnimation.h */ = {isa = PBXFileReference; fileEncoding = 4; lastKnownFileType = sourcecode.c.h; path = "UIView+ScaleAnimation.h"; sourceTree = "<group>"; };
		79639D382004A2160080AB30 /* UIView+YSTextInputKeyboard.h */ = {isa = PBXFileReference; fileEncoding = 4; lastKnownFileType = sourcecode.c.h; path = "UIView+YSTextInputKeyboard.h"; sourceTree = "<group>"; };
		79639D392004A2160080AB30 /* UITextView+Limit.h */ = {isa = PBXFileReference; fileEncoding = 4; lastKnownFileType = sourcecode.c.h; path = "UITextView+Limit.h"; sourceTree = "<group>"; };
		79639D3B2004A2160080AB30 /* UITextView+Placeholder.h */ = {isa = PBXFileReference; fileEncoding = 4; lastKnownFileType = sourcecode.c.h; path = "UITextView+Placeholder.h"; sourceTree = "<group>"; };
		79639D3C2004A2160080AB30 /* UITextField+CNLimit.m */ = {isa = PBXFileReference; fileEncoding = 4; lastKnownFileType = sourcecode.c.objc; path = "UITextField+CNLimit.m"; sourceTree = "<group>"; };
		79639D3D2004A2160080AB30 /* UIColor+Gradient.h */ = {isa = PBXFileReference; fileEncoding = 4; lastKnownFileType = sourcecode.c.h; path = "UIColor+Gradient.h"; sourceTree = "<group>"; };
		79639D3E2004A2160080AB30 /* NSDate+BeeExtension.m */ = {isa = PBXFileReference; fileEncoding = 4; lastKnownFileType = sourcecode.c.objc; path = "NSDate+BeeExtension.m"; sourceTree = "<group>"; };
		79639D3F2004A2160080AB30 /* UIView+BorderLine.m */ = {isa = PBXFileReference; fileEncoding = 4; lastKnownFileType = sourcecode.c.objc; path = "UIView+BorderLine.m"; sourceTree = "<group>"; };
		79639D402004A2160080AB30 /* NSDate+YYAdd.m */ = {isa = PBXFileReference; fileEncoding = 4; lastKnownFileType = sourcecode.c.objc; path = "NSDate+YYAdd.m"; sourceTree = "<group>"; };
		79639D422004A2160080AB30 /* UITextField+Limit.m */ = {isa = PBXFileReference; fileEncoding = 4; lastKnownFileType = sourcecode.c.objc; path = "UITextField+Limit.m"; sourceTree = "<group>"; };
		79639D442004A2160080AB30 /* UIColor+Theme.h */ = {isa = PBXFileReference; fileEncoding = 4; lastKnownFileType = sourcecode.c.h; path = "UIColor+Theme.h"; sourceTree = "<group>"; };
		79639D462004A2160080AB30 /* UIButton+RoundLayer.h */ = {isa = PBXFileReference; fileEncoding = 4; lastKnownFileType = sourcecode.c.h; path = "UIButton+RoundLayer.h"; sourceTree = "<group>"; };
		79639D472004A2160080AB30 /* NSObject+MethodSwizzle.m */ = {isa = PBXFileReference; fileEncoding = 4; lastKnownFileType = sourcecode.c.objc; path = "NSObject+MethodSwizzle.m"; sourceTree = "<group>"; };
		79639D482004A2160080AB30 /* UIImageView+RoundLayer.h */ = {isa = PBXFileReference; fileEncoding = 4; lastKnownFileType = sourcecode.c.h; path = "UIImageView+RoundLayer.h"; sourceTree = "<group>"; };
		79639D492004A2160080AB30 /* UIButton+RoundLayer.m */ = {isa = PBXFileReference; fileEncoding = 4; lastKnownFileType = sourcecode.c.objc; path = "UIButton+RoundLayer.m"; sourceTree = "<group>"; };
		79639D4A2004A2160080AB30 /* NSObject+MethodSwizzle.h */ = {isa = PBXFileReference; fileEncoding = 4; lastKnownFileType = sourcecode.c.h; path = "NSObject+MethodSwizzle.h"; sourceTree = "<group>"; };
		79639D4B2004A2160080AB30 /* UIImageView+RoundLayer.m */ = {isa = PBXFileReference; fileEncoding = 4; lastKnownFileType = sourcecode.c.objc; path = "UIImageView+RoundLayer.m"; sourceTree = "<group>"; };
		79639D4C2004A2160080AB30 /* NSObject+MethodSwizzle.h */ = {isa = PBXFileReference; fileEncoding = 4; lastKnownFileType = sourcecode.c.h; path = "NSObject+MethodSwizzle.h"; sourceTree = "<group>"; };
		79639D4D2004A2160080AB30 /* UIImage+Color.m */ = {isa = PBXFileReference; fileEncoding = 4; lastKnownFileType = sourcecode.c.objc; path = "UIImage+Color.m"; sourceTree = "<group>"; };
		79639D542004A2160080AB30 /* NSString+RemoveEmoji.h */ = {isa = PBXFileReference; fileEncoding = 4; lastKnownFileType = sourcecode.c.h; path = "NSString+RemoveEmoji.h"; sourceTree = "<group>"; };
		79639D552004A2160080AB30 /* NSString+BeeExtension.m */ = {isa = PBXFileReference; fileEncoding = 4; lastKnownFileType = sourcecode.c.objc; path = "NSString+BeeExtension.m"; sourceTree = "<group>"; };
		79639D562004A2160080AB30 /* UIImage+QRCode.m */ = {isa = PBXFileReference; fileEncoding = 4; lastKnownFileType = sourcecode.c.objc; path = "UIImage+QRCode.m"; sourceTree = "<group>"; };
		79639D572004A2160080AB30 /* NSData+BeeExtension.m */ = {isa = PBXFileReference; fileEncoding = 4; lastKnownFileType = sourcecode.c.objc; path = "NSData+BeeExtension.m"; sourceTree = "<group>"; };
		79639D582004A2160080AB30 /* UINavigationBar+Awesome.m */ = {isa = PBXFileReference; fileEncoding = 4; lastKnownFileType = sourcecode.c.objc; path = "UINavigationBar+Awesome.m"; sourceTree = "<group>"; };
		79639D592004A2160080AB30 /* UIView+ScreenShot.m */ = {isa = PBXFileReference; fileEncoding = 4; lastKnownFileType = sourcecode.c.objc; path = "UIView+ScreenShot.m"; sourceTree = "<group>"; };
		79639D5A2004A2160080AB30 /* UIImage+Resize.m */ = {isa = PBXFileReference; fileEncoding = 4; lastKnownFileType = sourcecode.c.objc; path = "UIImage+Resize.m"; sourceTree = "<group>"; };
		79639D822004A55E0080AB30 /* SmartLock-PrefixHeader.pch */ = {isa = PBXFileReference; fileEncoding = 4; lastKnownFileType = sourcecode.c.h; path = "SmartLock-PrefixHeader.pch"; sourceTree = "<group>"; };
		7964C11C2015E05500B8A1B5 /* RFingerprintViewController.h */ = {isa = PBXFileReference; lastKnownFileType = sourcecode.c.h; path = RFingerprintViewController.h; sourceTree = "<group>"; };
		7964C11D2015E05500B8A1B5 /* RFingerprintViewController.m */ = {isa = PBXFileReference; lastKnownFileType = sourcecode.c.objc; path = RFingerprintViewController.m; sourceTree = "<group>"; };
		7964C11F2015E07200B8A1B5 /* RICViewController.h */ = {isa = PBXFileReference; lastKnownFileType = sourcecode.c.h; path = RICViewController.h; sourceTree = "<group>"; };
		7964C1202015E07200B8A1B5 /* RICViewController.m */ = {isa = PBXFileReference; lastKnownFileType = sourcecode.c.objc; path = RICViewController.m; sourceTree = "<group>"; };
		7964C1222015E1C200B8A1B5 /* RFingerPrintCell.h */ = {isa = PBXFileReference; lastKnownFileType = sourcecode.c.h; path = RFingerPrintCell.h; sourceTree = "<group>"; };
		7964C1232015E1C200B8A1B5 /* RFingerPrintCell.m */ = {isa = PBXFileReference; lastKnownFileType = sourcecode.c.objc; path = RFingerPrintCell.m; sourceTree = "<group>"; };
		7964C1252015E21500B8A1B5 /* RICCell.h */ = {isa = PBXFileReference; lastKnownFileType = sourcecode.c.h; path = RICCell.h; sourceTree = "<group>"; };
		7964C1262015E21500B8A1B5 /* RICCell.m */ = {isa = PBXFileReference; lastKnownFileType = sourcecode.c.objc; path = RICCell.m; sourceTree = "<group>"; };
		7964C128201709DD00B8A1B5 /* RPrintingViewController.h */ = {isa = PBXFileReference; lastKnownFileType = sourcecode.c.h; path = RPrintingViewController.h; sourceTree = "<group>"; };
		7964C129201709DD00B8A1B5 /* RPrintingViewController.m */ = {isa = PBXFileReference; lastKnownFileType = sourcecode.c.objc; path = RPrintingViewController.m; sourceTree = "<group>"; };
		7964C12B20171C9D00B8A1B5 /* RICVerifyViewController.h */ = {isa = PBXFileReference; lastKnownFileType = sourcecode.c.h; path = RICVerifyViewController.h; sourceTree = "<group>"; };
		7964C12C20171C9D00B8A1B5 /* RICVerifyViewController.m */ = {isa = PBXFileReference; lastKnownFileType = sourcecode.c.objc; path = RICVerifyViewController.m; sourceTree = "<group>"; };
		7964C12E201735CC00B8A1B5 /* WBSeparateButton.m */ = {isa = PBXFileReference; fileEncoding = 4; lastKnownFileType = sourcecode.c.objc; path = WBSeparateButton.m; sourceTree = "<group>"; };
		7964C12F201735CC00B8A1B5 /* WBSeparateButton.h */ = {isa = PBXFileReference; fileEncoding = 4; lastKnownFileType = sourcecode.c.h; path = WBSeparateButton.h; sourceTree = "<group>"; };
		7964C131201856DA00B8A1B5 /* RFaceViewController.h */ = {isa = PBXFileReference; lastKnownFileType = sourcecode.c.h; path = RFaceViewController.h; sourceTree = "<group>"; };
		7964C132201856DA00B8A1B5 /* RFaceViewController.m */ = {isa = PBXFileReference; lastKnownFileType = sourcecode.c.objc; path = RFaceViewController.m; sourceTree = "<group>"; };
		79651FB920049D9300A4759F /* SmartLock.app */ = {isa = PBXFileReference; explicitFileType = wrapper.application; includeInIndex = 0; path = SmartLock.app; sourceTree = BUILT_PRODUCTS_DIR; };
		79651FBC20049D9300A4759F /* AppDelegate.h */ = {isa = PBXFileReference; lastKnownFileType = sourcecode.c.h; path = AppDelegate.h; sourceTree = "<group>"; };
		79651FBD20049D9300A4759F /* AppDelegate.m */ = {isa = PBXFileReference; lastKnownFileType = sourcecode.c.objc; path = AppDelegate.m; sourceTree = "<group>"; };
		79651FC520049D9300A4759F /* Assets.xcassets */ = {isa = PBXFileReference; lastKnownFileType = folder.assetcatalog; path = Assets.xcassets; sourceTree = "<group>"; };
		79651FCA20049D9300A4759F /* Info.plist */ = {isa = PBXFileReference; lastKnownFileType = text.plist.xml; path = Info.plist; sourceTree = "<group>"; };
		79651FCB20049D9300A4759F /* main.m */ = {isa = PBXFileReference; lastKnownFileType = sourcecode.c.objc; path = main.m; sourceTree = "<group>"; };
		79651FD620049F2100A4759F /* RBaseViewController.h */ = {isa = PBXFileReference; lastKnownFileType = sourcecode.c.h; path = RBaseViewController.h; sourceTree = "<group>"; };
		79651FD720049F2100A4759F /* RBaseViewController.m */ = {isa = PBXFileReference; lastKnownFileType = sourcecode.c.objc; path = RBaseViewController.m; sourceTree = "<group>"; };
		79651FD920049F4800A4759F /* RBaseNavigationController.h */ = {isa = PBXFileReference; lastKnownFileType = sourcecode.c.h; path = RBaseNavigationController.h; sourceTree = "<group>"; };
		79651FDA20049F4800A4759F /* RBaseNavigationController.m */ = {isa = PBXFileReference; lastKnownFileType = sourcecode.c.objc; path = RBaseNavigationController.m; sourceTree = "<group>"; };
		79651FDC20049F7200A4759F /* RHomeController.h */ = {isa = PBXFileReference; lastKnownFileType = sourcecode.c.h; path = RHomeController.h; sourceTree = "<group>"; };
		79651FDD20049F7200A4759F /* RHomeController.m */ = {isa = PBXFileReference; lastKnownFileType = sourcecode.c.objc; path = RHomeController.m; sourceTree = "<group>"; };
		7976F0F02028444C00D09A25 /* RAddPersonViewController.h */ = {isa = PBXFileReference; lastKnownFileType = sourcecode.c.h; path = RAddPersonViewController.h; sourceTree = "<group>"; };
		7976F0F12028444C00D09A25 /* RAddPersonViewController.m */ = {isa = PBXFileReference; lastKnownFileType = sourcecode.c.objc; path = RAddPersonViewController.m; sourceTree = "<group>"; };
		7976F0F32028465800D09A25 /* WBSegView.m */ = {isa = PBXFileReference; fileEncoding = 4; lastKnownFileType = sourcecode.c.objc; path = WBSegView.m; sourceTree = "<group>"; };
		7976F0F42028465800D09A25 /* WBSegView.h */ = {isa = PBXFileReference; fileEncoding = 4; lastKnownFileType = sourcecode.c.h; path = WBSegView.h; sourceTree = "<group>"; };
		7976F0F620284CBC00D09A25 /* RPersonCell.h */ = {isa = PBXFileReference; lastKnownFileType = sourcecode.c.h; path = RPersonCell.h; sourceTree = "<group>"; };
		7976F0F720284CBC00D09A25 /* RPersonCell.m */ = {isa = PBXFileReference; lastKnownFileType = sourcecode.c.objc; path = RPersonCell.m; sourceTree = "<group>"; };
		7976F0F920284D6000D09A25 /* RPersonInfo.h */ = {isa = PBXFileReference; lastKnownFileType = sourcecode.c.h; path = RPersonInfo.h; sourceTree = "<group>"; };
		7976F0FA20284D6000D09A25 /* RPersonInfo.m */ = {isa = PBXFileReference; lastKnownFileType = sourcecode.c.objc; path = RPersonInfo.m; sourceTree = "<group>"; };
		7976F0FC2028648C00D09A25 /* WBOrderViewCell.h */ = {isa = PBXFileReference; fileEncoding = 4; lastKnownFileType = sourcecode.c.h; path = WBOrderViewCell.h; sourceTree = "<group>"; };
		7976F0FD2028648C00D09A25 /* WBOrderViewCell.m */ = {isa = PBXFileReference; fileEncoding = 4; lastKnownFileType = sourcecode.c.objc; path = WBOrderViewCell.m; sourceTree = "<group>"; };
		7976F0FF20294CE300D09A25 /* RCustomizeCell.h */ = {isa = PBXFileReference; lastKnownFileType = sourcecode.c.h; path = RCustomizeCell.h; sourceTree = "<group>"; };
		7976F10020294CE300D09A25 /* RCustomizeCell.m */ = {isa = PBXFileReference; lastKnownFileType = sourcecode.c.objc; path = RCustomizeCell.m; sourceTree = "<group>"; };
		7976F102202AE13800D09A25 /* RDatePickerView.h */ = {isa = PBXFileReference; lastKnownFileType = sourcecode.c.h; path = RDatePickerView.h; sourceTree = "<group>"; };
		7976F103202AE13800D09A25 /* RDatePickerView.m */ = {isa = PBXFileReference; lastKnownFileType = sourcecode.c.objc; path = RDatePickerView.m; sourceTree = "<group>"; };
		7976F105202C251A00D09A25 /* WBAPIManager+Bussiness.m */ = {isa = PBXFileReference; fileEncoding = 4; lastKnownFileType = sourcecode.c.objc; path = "WBAPIManager+Bussiness.m"; sourceTree = "<group>"; };
		7976F106202C251A00D09A25 /* WBAPIManager+Bussiness.h */ = {isa = PBXFileReference; fileEncoding = 4; lastKnownFileType = sourcecode.c.h; path = "WBAPIManager+Bussiness.h"; sourceTree = "<group>"; };
		7976F108202D7FC400D09A25 /* RBaseInfo.h */ = {isa = PBXFileReference; lastKnownFileType = sourcecode.c.h; path = RBaseInfo.h; sourceTree = "<group>"; };
		7976F109202D7FC400D09A25 /* RBaseInfo.m */ = {isa = PBXFileReference; lastKnownFileType = sourcecode.c.objc; path = RBaseInfo.m; sourceTree = "<group>"; };
		7989F8E42011E46C0025E2FE /* RHomeContentView.h */ = {isa = PBXFileReference; lastKnownFileType = sourcecode.c.h; path = RHomeContentView.h; sourceTree = "<group>"; };
		7989F8E52011E46C0025E2FE /* RHomeContentView.m */ = {isa = PBXFileReference; lastKnownFileType = sourcecode.c.objc; path = RHomeContentView.m; sourceTree = "<group>"; };
		7989F8E72011E8710025E2FE /* RAuthorizedManager.h */ = {isa = PBXFileReference; lastKnownFileType = sourcecode.c.h; path = RAuthorizedManager.h; sourceTree = "<group>"; };
		7989F8E82011E8710025E2FE /* RAuthorizedManager.m */ = {isa = PBXFileReference; lastKnownFileType = sourcecode.c.objc; path = RAuthorizedManager.m; sourceTree = "<group>"; };
		7989F8EA2011F8ED0025E2FE /* RRecordsViewController.h */ = {isa = PBXFileReference; lastKnownFileType = sourcecode.c.h; path = RRecordsViewController.h; sourceTree = "<group>"; };
		7989F8EB2011F8ED0025E2FE /* RRecordsViewController.m */ = {isa = PBXFileReference; lastKnownFileType = sourcecode.c.objc; path = RRecordsViewController.m; sourceTree = "<group>"; };
		79B1DB4220400806004B32A6 /* PPersonRecordsViewController.h */ = {isa = PBXFileReference; lastKnownFileType = sourcecode.c.h; path = PPersonRecordsViewController.h; sourceTree = "<group>"; };
		79B1DB4320400806004B32A6 /* PPersonRecordsViewController.m */ = {isa = PBXFileReference; lastKnownFileType = sourcecode.c.objc; path = PPersonRecordsViewController.m; sourceTree = "<group>"; };
		79D0736F20108729000203C2 /* RPasswordViewController.h */ = {isa = PBXFileReference; lastKnownFileType = sourcecode.c.h; path = RPasswordViewController.h; sourceTree = "<group>"; };
		79D0737020108729000203C2 /* RPasswordViewController.m */ = {isa = PBXFileReference; lastKnownFileType = sourcecode.c.objc; path = RPasswordViewController.m; sourceTree = "<group>"; };
		79D073742011D9C3000203C2 /* RMessageCell.h */ = {isa = PBXFileReference; lastKnownFileType = sourcecode.c.h; path = RMessageCell.h; sourceTree = "<group>"; };
		79D073752011D9C3000203C2 /* RMessageCell.m */ = {isa = PBXFileReference; lastKnownFileType = sourcecode.c.objc; path = RMessageCell.m; sourceTree = "<group>"; };
		79D073772011D9DC000203C2 /* RRecordCell.h */ = {isa = PBXFileReference; lastKnownFileType = sourcecode.c.h; path = RRecordCell.h; sourceTree = "<group>"; };
		79D073782011D9DC000203C2 /* RRecordCell.m */ = {isa = PBXFileReference; lastKnownFileType = sourcecode.c.objc; path = RRecordCell.m; sourceTree = "<group>"; };
		79F343292024103000BF6087 /* RHomeCell.h */ = {isa = PBXFileReference; lastKnownFileType = sourcecode.c.h; path = RHomeCell.h; sourceTree = "<group>"; };
		79F3432A2024103000BF6087 /* RHomeCell.m */ = {isa = PBXFileReference; lastKnownFileType = sourcecode.c.objc; path = RHomeCell.m; sourceTree = "<group>"; };
		79F3432C202438EF00BF6087 /* RLockInfo.h */ = {isa = PBXFileReference; lastKnownFileType = sourcecode.c.h; path = RLockInfo.h; sourceTree = "<group>"; };
		79F3432D202438EF00BF6087 /* RLockInfo.m */ = {isa = PBXFileReference; lastKnownFileType = sourcecode.c.objc; path = RLockInfo.m; sourceTree = "<group>"; };
		79F3432F2024523700BF6087 /* WBSearchBar.m */ = {isa = PBXFileReference; fileEncoding = 4; lastKnownFileType = sourcecode.c.objc; path = WBSearchBar.m; sourceTree = "<group>"; };
		79F343302024523700BF6087 /* WBSearchBar.h */ = {isa = PBXFileReference; fileEncoding = 4; lastKnownFileType = sourcecode.c.h; path = WBSearchBar.h; sourceTree = "<group>"; };
		79F343322024569A00BF6087 /* RLockInfoViewController.h */ = {isa = PBXFileReference; lastKnownFileType = sourcecode.c.h; path = RLockInfoViewController.h; sourceTree = "<group>"; };
		79F343332024569A00BF6087 /* RLockInfoViewController.m */ = {isa = PBXFileReference; lastKnownFileType = sourcecode.c.objc; path = RLockInfoViewController.m; sourceTree = "<group>"; };
		79F34335202464CF00BF6087 /* RUsageCell.h */ = {isa = PBXFileReference; lastKnownFileType = sourcecode.c.h; path = RUsageCell.h; sourceTree = "<group>"; };
		79F34336202464CF00BF6087 /* RUsageCell.m */ = {isa = PBXFileReference; lastKnownFileType = sourcecode.c.objc; path = RUsageCell.m; sourceTree = "<group>"; };
		79F3433820246E2200BF6087 /* RRecordInfo.h */ = {isa = PBXFileReference; lastKnownFileType = sourcecode.c.h; path = RRecordInfo.h; sourceTree = "<group>"; };
		79F3433920246E2200BF6087 /* RRecordInfo.m */ = {isa = PBXFileReference; lastKnownFileType = sourcecode.c.objc; path = RRecordInfo.m; sourceTree = "<group>"; };
		85672A37D73E1F9E3355DDEF /* libPods-SmartLock.a */ = {isa = PBXFileReference; explicitFileType = archive.ar; includeInIndex = 0; path = "libPods-SmartLock.a"; sourceTree = BUILT_PRODUCTS_DIR; };
		DA44BC6B2B72C6F6747BED2A /* Pods-SmartLock.debug.xcconfig */ = {isa = PBXFileReference; includeInIndex = 1; lastKnownFileType = text.xcconfig; name = "Pods-SmartLock.debug.xcconfig"; path = "Pods/Target Support Files/Pods-SmartLock/Pods-SmartLock.debug.xcconfig"; sourceTree = "<group>"; };
		E2D8AA35A084C657B8F35041 /* Pods-SmartLock.release.xcconfig */ = {isa = PBXFileReference; includeInIndex = 1; lastKnownFileType = text.xcconfig; name = "Pods-SmartLock.release.xcconfig"; path = "Pods/Target Support Files/Pods-SmartLock/Pods-SmartLock.release.xcconfig"; sourceTree = "<group>"; };
/* End PBXFileReference section */

/* Begin PBXFrameworksBuildPhase section */
		79651FB620049D9300A4759F /* Frameworks */ = {
			isa = PBXFrameworksBuildPhase;
			buildActionMask = 2147483647;
			files = (
				7929371C200CA74900C0A970 /* CoreBluetooth.framework in Frameworks */,
				C29562436FC64006C2469825 /* libPods-SmartLock.a in Frameworks */,
			);
			runOnlyForDeploymentPostprocessing = 0;
		};
/* End PBXFrameworksBuildPhase section */

/* Begin PBXGroup section */
		1445A40CA264AC62C2F67BC5 /* Pods */ = {
			isa = PBXGroup;
			children = (
				DA44BC6B2B72C6F6747BED2A /* Pods-SmartLock.debug.xcconfig */,
				E2D8AA35A084C657B8F35041 /* Pods-SmartLock.release.xcconfig */,
			);
			name = Pods;
			sourceTree = "<group>";
		};
		241B859E60D2BD1FB7983AC7 /* Frameworks */ = {
			isa = PBXGroup;
			children = (
				7929371B200CA74900C0A970 /* CoreBluetooth.framework */,
				85672A37D73E1F9E3355DDEF /* libPods-SmartLock.a */,
			);
			name = Frameworks;
			sourceTree = "<group>";
		};
		792936FE2008BD4E00C0A970 /* Data */ = {
			isa = PBXGroup;
			children = (
				792937002008BD4E00C0A970 /* WBAPIManager.h */,
				792937042008BD4E00C0A970 /* WBAPIManager.m */,
				7976F106202C251A00D09A25 /* WBAPIManager+Bussiness.h */,
				7976F105202C251A00D09A25 /* WBAPIManager+Bussiness.m */,
				792937022008BD4E00C0A970 /* WBStoreManager.h */,
				792937062008BD4E00C0A970 /* WBStoreManager.m */,
			);
			name = Data;
			path = SmartLock/Data;
			sourceTree = "<group>";
		};
		7929370E200C764A00C0A970 /* Mediator */ = {
			isa = PBXGroup;
			children = (
				7929370F200C764A00C0A970 /* WBMediator.h */,
				79293710200C764A00C0A970 /* WBMediator.m */,
			);
			name = Mediator;
			path = SmartLock/Mediator;
			sourceTree = "<group>";
		};
		794372D72004A7E200AB8E37 /* Macros */ = {
			isa = PBXGroup;
			children = (
				794372DC2004A7E200AB8E37 /* APPMacro.h */,
			);
			name = Macros;
			path = SmartLock/Macros;
			sourceTree = "<group>";
		};
		79639D062004A2160080AB30 /* Extensions */ = {
			isa = PBXGroup;
			children = (
				79639D212004A2160080AB30 /* GJAlertController */,
				79639D2C2004A2160080AB30 /* NSData+BeeExtension.h */,
				79639D572004A2160080AB30 /* NSData+BeeExtension.m */,
				79639D172004A2160080AB30 /* NSDate+BeeExtension.h */,
				79639D3E2004A2160080AB30 /* NSDate+BeeExtension.m */,
				79639D192004A2160080AB30 /* NSDate+YYAdd.h */,
				79639D402004A2160080AB30 /* NSDate+YYAdd.m */,
				79639D342004A2160080AB30 /* NSDecimalNumber+helper.h */,
				79639D0F2004A2160080AB30 /* NSDecimalNumber+helper.m */,
				79639D102004A2160080AB30 /* NSObject+JSONString.h */,
				79639D332004A2160080AB30 /* NSObject+JSONString.m */,
				79639D4C2004A2160080AB30 /* NSObject+MethodSwizzle.h */,
				79639D202004A2160080AB30 /* NSObject+MethodSwizzle.m */,
				79639D2E2004A2160080AB30 /* NSString+BeeExtension.h */,
				79639D552004A2160080AB30 /* NSString+BeeExtension.m */,
				79639D122004A2160080AB30 /* NSString+DictionaryValue.h */,
				79639D322004A2160080AB30 /* NSString+DictionaryValue.m */,
				79639D542004A2160080AB30 /* NSString+RemoveEmoji.h */,
				79639D2F2004A2160080AB30 /* NSString+RemoveEmoji.m */,
				79639D452004A2160080AB30 /* RoundCorner */,
				79639D362004A2160080AB30 /* StickyHeaderLayout.h */,
				79639D092004A2160080AB30 /* StickyHeaderLayout.m */,
				79639D3D2004A2160080AB30 /* UIColor+Gradient.h */,
				79639D182004A2160080AB30 /* UIColor+Gradient.m */,
				79639D442004A2160080AB30 /* UIColor+Theme.h */,
				79639D282004A2160080AB30 /* UIColor+Theme.m */,
				79639D1F2004A2160080AB30 /* UIImage+Color.h */,
				79639D4D2004A2160080AB30 /* UIImage+Color.m */,
				79639D112004A2160080AB30 /* UIImage+Decoded.h */,
				79639D312004A2160080AB30 /* UIImage+Decoded.m */,
				79639D2D2004A2160080AB30 /* UIImage+QRCode.h */,
				79639D562004A2160080AB30 /* UIImage+QRCode.m */,
				79639D292004A2160080AB30 /* UIImage+Resize.h */,
				79639D5A2004A2160080AB30 /* UIImage+Resize.m */,
				79639D2B2004A2160080AB30 /* UINavigationBar+Awesome.h */,
				79639D582004A2160080AB30 /* UINavigationBar+Awesome.m */,
				79639D1B2004A2160080AB30 /* UITextField+CNLimit.h */,
				79639D3C2004A2160080AB30 /* UITextField+CNLimit.m */,
				79639D152004A2160080AB30 /* UITextField+Limit.h */,
				79639D422004A2160080AB30 /* UITextField+Limit.m */,
				79639D392004A2160080AB30 /* UITextView+Limit.h */,
				79639D1E2004A2160080AB30 /* UITextView+Limit.m */,
				79639D3B2004A2160080AB30 /* UITextView+Placeholder.h */,
				79639D1C2004A2160080AB30 /* UITextView+Placeholder.m */,
				79639D1A2004A2160080AB30 /* UIView+BorderLine.h */,
				79639D3F2004A2160080AB30 /* UIView+BorderLine.m */,
				79639D0A2004A2160080AB30 /* UIView+Loading.h */,
				79639D352004A2160080AB30 /* UIView+Loading.m */,
				79639D372004A2160080AB30 /* UIView+ScaleAnimation.h */,
				79639D082004A2160080AB30 /* UIView+ScaleAnimation.m */,
				79639D2A2004A2160080AB30 /* UIView+ScreenShot.h */,
				79639D592004A2160080AB30 /* UIView+ScreenShot.m */,
				79639D302004A2160080AB30 /* UIView+Utils.h */,
				79639D132004A2160080AB30 /* UIView+Utils.m */,
				79639D382004A2160080AB30 /* UIView+YSTextInputKeyboard.h */,
				79639D072004A2160080AB30 /* UIView+YSTextInputKeyboard.m */,
			);
			name = Extensions;
			path = SmartLock/Extensions;
			sourceTree = "<group>";
		};
		79639D212004A2160080AB30 /* GJAlertController */ = {
			isa = PBXGroup;
			children = (
				79639D222004A2160080AB30 /* GJAlertAction.h */,
				79639D232004A2160080AB30 /* GJAlertController.h */,
				79639D242004A2160080AB30 /* UIViewController+Alert.m */,
				79639D252004A2160080AB30 /* GJAlertAction.m */,
				79639D262004A2160080AB30 /* UIViewController+Alert.h */,
				79639D272004A2160080AB30 /* GJAlertController.m */,
			);
			path = GJAlertController;
			sourceTree = "<group>";
		};
		79639D452004A2160080AB30 /* RoundCorner */ = {
			isa = PBXGroup;
			children = (
				79639D462004A2160080AB30 /* UIButton+RoundLayer.h */,
				79639D472004A2160080AB30 /* NSObject+MethodSwizzle.m */,
				79639D482004A2160080AB30 /* UIImageView+RoundLayer.h */,
				79639D492004A2160080AB30 /* UIButton+RoundLayer.m */,
				79639D4A2004A2160080AB30 /* NSObject+MethodSwizzle.h */,
				79639D4B2004A2160080AB30 /* UIImageView+RoundLayer.m */,
			);
			path = RoundCorner;
			sourceTree = "<group>";
		};
		79651FB020049D9300A4759F = {
			isa = PBXGroup;
			children = (
				79651FBB20049D9300A4759F /* SmartLock */,
				7929370E200C764A00C0A970 /* Mediator */,
				79651FD220049E8000A4759F /* Controllers */,
				794372D72004A7E200AB8E37 /* Macros */,
				792936FE2008BD4E00C0A970 /* Data */,
				79639D062004A2160080AB30 /* Extensions */,
				79651FD520049E8100A4759F /* Managers */,
				79651FD320049E8100A4759F /* Models */,
				79D073732011D987000203C2 /* Cells */,
				79651FD420049E8100A4759F /* Views */,
				79651FBA20049D9300A4759F /* Products */,
				1445A40CA264AC62C2F67BC5 /* Pods */,
				241B859E60D2BD1FB7983AC7 /* Frameworks */,
			);
			sourceTree = "<group>";
		};
		79651FBA20049D9300A4759F /* Products */ = {
			isa = PBXGroup;
			children = (
				79651FB920049D9300A4759F /* SmartLock.app */,
			);
			name = Products;
			sourceTree = "<group>";
		};
		79651FBB20049D9300A4759F /* SmartLock */ = {
			isa = PBXGroup;
			children = (
				79651FBC20049D9300A4759F /* AppDelegate.h */,
				79651FBD20049D9300A4759F /* AppDelegate.m */,
				79651FC520049D9300A4759F /* Assets.xcassets */,
				79651FCA20049D9300A4759F /* Info.plist */,
				79651FCB20049D9300A4759F /* main.m */,
				79639D822004A55E0080AB30 /* SmartLock-PrefixHeader.pch */,
			);
			path = SmartLock;
			sourceTree = "<group>";
		};
		79651FD220049E8000A4759F /* Controllers */ = {
			isa = PBXGroup;
			children = (
				79651FD920049F4800A4759F /* RBaseNavigationController.h */,
				79651FDA20049F4800A4759F /* RBaseNavigationController.m */,
				79651FD620049F2100A4759F /* RBaseViewController.h */,
				79651FD720049F2100A4759F /* RBaseViewController.m */,
				79651FDC20049F7200A4759F /* RHomeController.h */,
				79651FDD20049F7200A4759F /* RHomeController.m */,
				79F343322024569A00BF6087 /* RLockInfoViewController.h */,
				79F343332024569A00BF6087 /* RLockInfoViewController.m */,
				792936EC20088AB600C0A970 /* RLoginViewController.h */,
				792936ED20088AB600C0A970 /* RLoginViewController.m */,
				792936EF20088AC700C0A970 /* RQRCodeViewController.h */,
				792936F020088AC700C0A970 /* RQRCodeViewController.m */,
				79293712200C7D4100C0A970 /* RMessageViewController.h */,
				79293713200C7D4100C0A970 /* RMessageViewController.m */,
				79293727200F49C300C0A970 /* RReportViewController.h */,
				79293728200F49C300C0A970 /* RReportViewController.m */,
				7929372D201075FC00C0A970 /* RSettingViewController.h */,
				7929372E201075FC00C0A970 /* RSettingViewController.m */,
				79D0736F20108729000203C2 /* RPasswordViewController.h */,
				79D0737020108729000203C2 /* RPasswordViewController.m */,
				7989F8EA2011F8ED0025E2FE /* RRecordsViewController.h */,
				7989F8EB2011F8ED0025E2FE /* RRecordsViewController.m */,
				7964C11C2015E05500B8A1B5 /* RFingerprintViewController.h */,
				7964C11D2015E05500B8A1B5 /* RFingerprintViewController.m */,
				7964C128201709DD00B8A1B5 /* RPrintingViewController.h */,
				7964C129201709DD00B8A1B5 /* RPrintingViewController.m */,
				7964C11F2015E07200B8A1B5 /* RICViewController.h */,
				7964C1202015E07200B8A1B5 /* RICViewController.m */,
				7964C12B20171C9D00B8A1B5 /* RICVerifyViewController.h */,
				7964C12C20171C9D00B8A1B5 /* RICVerifyViewController.m */,
				7964C131201856DA00B8A1B5 /* RFaceViewController.h */,
				7964C132201856DA00B8A1B5 /* RFaceViewController.m */,
				187979672026D8A200A7CA1F /* RAddressViewController.h */,
				187979682026D8A200A7CA1F /* RAddressViewController.m */,
				1879796A2027020F00A7CA1F /* RPersonViewController.h */,
				1879796B2027020F00A7CA1F /* RPersonViewController.m */,
				7976F0F02028444C00D09A25 /* RAddPersonViewController.h */,
				7976F0F12028444C00D09A25 /* RAddPersonViewController.m */,
				79B1DB4220400806004B32A6 /* PPersonRecordsViewController.h */,
				79B1DB4320400806004B32A6 /* PPersonRecordsViewController.m */,
			);
			name = Controllers;
			path = SmartLock/Controllers;
			sourceTree = "<group>";
		};
		79651FD320049E8100A4759F /* Models */ = {
			isa = PBXGroup;
			children = (
				7976F108202D7FC400D09A25 /* RBaseInfo.h */,
				7976F109202D7FC400D09A25 /* RBaseInfo.m */,
				79F3432C202438EF00BF6087 /* RLockInfo.h */,
				79F3432D202438EF00BF6087 /* RLockInfo.m */,
				79F3433820246E2200BF6087 /* RRecordInfo.h */,
				79F3433920246E2200BF6087 /* RRecordInfo.m */,
				7915F535203190B20091D716 /* RMessageInfo.h */,
				7915F536203190B20091D716 /* RMessageInfo.m */,
				7976F0F920284D6000D09A25 /* RPersonInfo.h */,
				7976F0FA20284D6000D09A25 /* RPersonInfo.m */,
			);
			name = Models;
			path = SmartLock/Models;
			sourceTree = "<group>";
		};
		79651FD420049E8100A4759F /* Views */ = {
			isa = PBXGroup;
			children = (
				7964C12F201735CC00B8A1B5 /* WBSeparateButton.h */,
				7964C12E201735CC00B8A1B5 /* WBSeparateButton.m */,
				792936F220089D7800C0A970 /* UICountingLabel.h */,
				792936F320089D7800C0A970 /* UICountingLabel.m */,
				792936F520089EF800C0A970 /* WBLoginTextField.h */,
				792936F620089EF800C0A970 /* WBLoginTextField.m */,
				792936F82008AF4F00C0A970 /* WBLoginButton.h */,
				792936F92008AF4F00C0A970 /* WBLoginButton.m */,
				792936FB2008B09400C0A970 /* WBLoadingView.h */,
				792936FC2008B09500C0A970 /* WBLoadingView.m */,
				79293715200C8B8100C0A970 /* RHomeBottomView.h */,
				79293716200C8B8100C0A970 /* RHomeBottomView.m */,
				79293724200F3D0E00C0A970 /* RHomeContentCell.h */,
				79293725200F3D0E00C0A970 /* RHomeContentCell.m */,
				7989F8E42011E46C0025E2FE /* RHomeContentView.h */,
				7989F8E52011E46C0025E2FE /* RHomeContentView.m */,
				79293718200C8F8600C0A970 /* RConfigureView.h */,
				79293719200C8F8600C0A970 /* RConfigureView.m */,
				79F343302024523700BF6087 /* WBSearchBar.h */,
				79F3432F2024523700BF6087 /* WBSearchBar.m */,
				7976F0F42028465800D09A25 /* WBSegView.h */,
				7976F0F32028465800D09A25 /* WBSegView.m */,
				7915F5382032B74D0091D716 /* RPickerView.h */,
				7915F5392032B74D0091D716 /* RPickerView.m */,
				7976F102202AE13800D09A25 /* RDatePickerView.h */,
				7976F103202AE13800D09A25 /* RDatePickerView.m */,
				7915F53B2032BBB80091D716 /* RRatePickerView.h */,
				7915F53C2032BBB80091D716 /* RRatePickerView.m */,
			);
			name = Views;
			path = SmartLock/Views;
			sourceTree = "<group>";
		};
		79651FD520049E8100A4759F /* Managers */ = {
			isa = PBXGroup;
			children = (
				7989F8E72011E8710025E2FE /* RAuthorizedManager.h */,
				7989F8E82011E8710025E2FE /* RAuthorizedManager.m */,
			);
			name = Managers;
			path = SmartLock/Managers;
			sourceTree = "<group>";
		};
		79D073732011D987000203C2 /* Cells */ = {
			isa = PBXGroup;
			children = (
				7929372A200F4B4700C0A970 /* RReportCell.h */,
				7929372B200F4B4700C0A970 /* RReportCell.m */,
				79D073742011D9C3000203C2 /* RMessageCell.h */,
				79D073752011D9C3000203C2 /* RMessageCell.m */,
				79D073772011D9DC000203C2 /* RRecordCell.h */,
				79D073782011D9DC000203C2 /* RRecordCell.m */,
				7964C1222015E1C200B8A1B5 /* RFingerPrintCell.h */,
				7964C1232015E1C200B8A1B5 /* RFingerPrintCell.m */,
				7964C1252015E21500B8A1B5 /* RICCell.h */,
				7964C1262015E21500B8A1B5 /* RICCell.m */,
				79F343292024103000BF6087 /* RHomeCell.h */,
				79F3432A2024103000BF6087 /* RHomeCell.m */,
				79F34335202464CF00BF6087 /* RUsageCell.h */,
				79F34336202464CF00BF6087 /* RUsageCell.m */,
				7976F0F620284CBC00D09A25 /* RPersonCell.h */,
				7976F0F720284CBC00D09A25 /* RPersonCell.m */,
				7976F0FC2028648C00D09A25 /* WBOrderViewCell.h */,
				7976F0FD2028648C00D09A25 /* WBOrderViewCell.m */,
				7976F0FF20294CE300D09A25 /* RCustomizeCell.h */,
				7976F10020294CE300D09A25 /* RCustomizeCell.m */,
			);
			name = Cells;
			path = SmartLock/Cells;
			sourceTree = "<group>";
		};
/* End PBXGroup section */

/* Begin PBXNativeTarget section */
		79651FB820049D9300A4759F /* SmartLock */ = {
			isa = PBXNativeTarget;
			buildConfigurationList = 79651FCF20049D9300A4759F /* Build configuration list for PBXNativeTarget "SmartLock" */;
			buildPhases = (
				A594DCF02993FCFFDED46647 /* [CP] Check Pods Manifest.lock */,
				79651FB520049D9300A4759F /* Sources */,
				79651FB620049D9300A4759F /* Frameworks */,
				79651FB720049D9300A4759F /* Resources */,
				F121F6F1496E2CFAB20824CD /* [CP] Embed Pods Frameworks */,
				D59502FABFDD5E53C0A0A139 /* [CP] Copy Pods Resources */,
			);
			buildRules = (
			);
			dependencies = (
			);
			name = SmartLock;
			productName = SmartLock;
			productReference = 79651FB920049D9300A4759F /* SmartLock.app */;
			productType = "com.apple.product-type.application";
		};
/* End PBXNativeTarget section */

/* Begin PBXProject section */
		79651FB120049D9300A4759F /* Project object */ = {
			isa = PBXProject;
			attributes = {
				LastUpgradeCheck = 0910;
				ORGANIZATIONNAME = "Richard Shen";
				TargetAttributes = {
					79651FB820049D9300A4759F = {
						CreatedOnToolsVersion = 9.1;
						ProvisioningStyle = Automatic;
					};
				};
			};
			buildConfigurationList = 79651FB420049D9300A4759F /* Build configuration list for PBXProject "SmartLock" */;
			compatibilityVersion = "Xcode 8.0";
			developmentRegion = en;
			hasScannedForEncodings = 0;
			knownRegions = (
				en,
				Base,
			);
			mainGroup = 79651FB020049D9300A4759F;
			productRefGroup = 79651FBA20049D9300A4759F /* Products */;
			projectDirPath = "";
			projectRoot = "";
			targets = (
				79651FB820049D9300A4759F /* SmartLock */,
			);
		};
/* End PBXProject section */

/* Begin PBXResourcesBuildPhase section */
		79651FB720049D9300A4759F /* Resources */ = {
			isa = PBXResourcesBuildPhase;
			buildActionMask = 2147483647;
			files = (
				79651FC620049D9300A4759F /* Assets.xcassets in Resources */,
			);
			runOnlyForDeploymentPostprocessing = 0;
		};
/* End PBXResourcesBuildPhase section */

/* Begin PBXShellScriptBuildPhase section */
		A594DCF02993FCFFDED46647 /* [CP] Check Pods Manifest.lock */ = {
			isa = PBXShellScriptBuildPhase;
			buildActionMask = 2147483647;
			files = (
			);
			inputPaths = (
			);
			name = "[CP] Check Pods Manifest.lock";
			outputPaths = (
			);
			runOnlyForDeploymentPostprocessing = 0;
			shellPath = /bin/sh;
			shellScript = "diff \"${PODS_PODFILE_DIR_PATH}/Podfile.lock\" \"${PODS_ROOT}/Manifest.lock\" > /dev/null\nif [ $? != 0 ] ; then\n    # print error to STDERR\n    echo \"error: The sandbox is not in sync with the Podfile.lock. Run 'pod install' or update your CocoaPods installation.\" >&2\n    exit 1\nfi\n";
			showEnvVarsInLog = 0;
		};
		D59502FABFDD5E53C0A0A139 /* [CP] Copy Pods Resources */ = {
			isa = PBXShellScriptBuildPhase;
			buildActionMask = 2147483647;
			files = (
			);
			inputPaths = (
			);
			name = "[CP] Copy Pods Resources";
			outputPaths = (
			);
			runOnlyForDeploymentPostprocessing = 0;
			shellPath = /bin/sh;
			shellScript = "\"${SRCROOT}/Pods/Target Support Files/Pods-SmartLock/Pods-SmartLock-resources.sh\"\n";
			showEnvVarsInLog = 0;
		};
		F121F6F1496E2CFAB20824CD /* [CP] Embed Pods Frameworks */ = {
			isa = PBXShellScriptBuildPhase;
			buildActionMask = 2147483647;
			files = (
			);
			inputPaths = (
			);
			name = "[CP] Embed Pods Frameworks";
			outputPaths = (
			);
			runOnlyForDeploymentPostprocessing = 0;
			shellPath = /bin/sh;
			shellScript = "\"${SRCROOT}/Pods/Target Support Files/Pods-SmartLock/Pods-SmartLock-frameworks.sh\"\n";
			showEnvVarsInLog = 0;
		};
/* End PBXShellScriptBuildPhase section */

/* Begin PBXSourcesBuildPhase section */
		79651FB520049D9300A4759F /* Sources */ = {
			isa = PBXSourcesBuildPhase;
			buildActionMask = 2147483647;
			files = (
				79651FDB20049F4800A4759F /* RBaseNavigationController.m in Sources */,
				79639D6F2004A2160080AB30 /* UIView+Loading.m in Sources */,
				7964C1272015E21500B8A1B5 /* RICCell.m in Sources */,
				79F34337202464CF00BF6087 /* RUsageCell.m in Sources */,
				7976F0F22028444C00D09A25 /* RAddPersonViewController.m in Sources */,
				7989F8E92011E8710025E2FE /* RAuthorizedManager.m in Sources */,
				79D073792011D9DC000203C2 /* RRecordCell.m in Sources */,
				7976F104202AE13800D09A25 /* RDatePickerView.m in Sources */,
				792937092008BD4E00C0A970 /* WBAPIManager.m in Sources */,
				79639D5F2004A2160080AB30 /* NSDecimalNumber+helper.m in Sources */,
				79639D732004A2160080AB30 /* UIView+BorderLine.m in Sources */,
				7989F8E62011E46C0025E2FE /* RHomeContentView.m in Sources */,
				79639D6E2004A2160080AB30 /* NSObject+JSONString.m in Sources */,
				79F343342024569A00BF6087 /* RLockInfoViewController.m in Sources */,
				7964C1212015E07200B8A1B5 /* RICViewController.m in Sources */,
				79F343312024523800BF6087 /* WBSearchBar.m in Sources */,
				7976F0F820284CBC00D09A25 /* RPersonCell.m in Sources */,
				1879796C2027020F00A7CA1F /* RPersonViewController.m in Sources */,
				792936F420089D7800C0A970 /* UICountingLabel.m in Sources */,
				7976F10A202D7FC400D09A25 /* RBaseInfo.m in Sources */,
				7964C12D20171C9D00B8A1B5 /* RICVerifyViewController.m in Sources */,
				79639D5B2004A2160080AB30 /* UIView+YSTextInputKeyboard.m in Sources */,
				79639D7E2004A2160080AB30 /* NSData+BeeExtension.m in Sources */,
				79639D6D2004A2160080AB30 /* NSString+DictionaryValue.m in Sources */,
				79639D742004A2160080AB30 /* NSDate+YYAdd.m in Sources */,
				7929370B2008BD4E00C0A970 /* WBStoreManager.m in Sources */,
				7915F537203190B20091D716 /* RMessageInfo.m in Sources */,
				792936F120088AC700C0A970 /* RQRCodeViewController.m in Sources */,
				79F3432E202438EF00BF6087 /* RLockInfo.m in Sources */,
				79639D762004A2160080AB30 /* NSObject+MethodSwizzle.m in Sources */,
				792936FD2008B09500C0A970 /* WBLoadingView.m in Sources */,
				79639D672004A2160080AB30 /* UIViewController+Alert.m in Sources */,
				79D073762011D9C3000203C2 /* RMessageCell.m in Sources */,
				7964C1242015E1C200B8A1B5 /* RFingerPrintCell.m in Sources */,
				7929372F201075FC00C0A970 /* RSettingViewController.m in Sources */,
				7915F53D2032BBB80091D716 /* RRatePickerView.m in Sources */,
				79639D802004A2160080AB30 /* UIView+ScreenShot.m in Sources */,
				7964C12A201709DD00B8A1B5 /* RPrintingViewController.m in Sources */,
				79639D7C2004A2160080AB30 /* NSString+BeeExtension.m in Sources */,
				79F3432B2024103000BF6087 /* RHomeCell.m in Sources */,
				79651FDE20049F7200A4759F /* RHomeController.m in Sources */,
				79639D662004A2160080AB30 /* NSObject+MethodSwizzle.m in Sources */,
				79639D692004A2160080AB30 /* GJAlertController.m in Sources */,
				792936F720089EF800C0A970 /* WBLoginTextField.m in Sources */,
				792936FA2008AF5000C0A970 /* WBLoginButton.m in Sources */,
				79639D6B2004A2160080AB30 /* NSString+RemoveEmoji.m in Sources */,
				79F3433A20246E2200BF6087 /* RRecordInfo.m in Sources */,
				79639D772004A2160080AB30 /* UIButton+RoundLayer.m in Sources */,
				7976F10120294CE300D09A25 /* RCustomizeCell.m in Sources */,
				79639D6A2004A2160080AB30 /* UIColor+Theme.m in Sources */,
				79639D652004A2160080AB30 /* UITextView+Limit.m in Sources */,
				79293729200F49C300C0A970 /* RReportViewController.m in Sources */,
				79651FD820049F2100A4759F /* RBaseViewController.m in Sources */,
				79293726200F3D0E00C0A970 /* RHomeContentCell.m in Sources */,
				7976F107202C251A00D09A25 /* WBAPIManager+Bussiness.m in Sources */,
				79293711200C764A00C0A970 /* WBMediator.m in Sources */,
				7964C130201735CD00B8A1B5 /* WBSeparateButton.m in Sources */,
				7976F0FE2028648C00D09A25 /* WBOrderViewCell.m in Sources */,
				792936EE20088AB600C0A970 /* RLoginViewController.m in Sources */,
				7929371A200C8F8600C0A970 /* RConfigureView.m in Sources */,
				7964C133201856DA00B8A1B5 /* RFaceViewController.m in Sources */,
				79639D722004A2160080AB30 /* NSDate+BeeExtension.m in Sources */,
				79639D6C2004A2160080AB30 /* UIImage+Decoded.m in Sources */,
				79639D602004A2160080AB30 /* UIView+Utils.m in Sources */,
				79651FCC20049D9300A4759F /* main.m in Sources */,
				79B1DB4420400806004B32A6 /* PPersonRecordsViewController.m in Sources */,
				79639D5D2004A2160080AB30 /* StickyHeaderLayout.m in Sources */,
				187979692026D8A200A7CA1F /* RAddressViewController.m in Sources */,
				79293717200C8B8100C0A970 /* RHomeBottomView.m in Sources */,
				7976F0FB20284D6000D09A25 /* RPersonInfo.m in Sources */,
				79651FBE20049D9300A4759F /* AppDelegate.m in Sources */,
				79639D7F2004A2160080AB30 /* UINavigationBar+Awesome.m in Sources */,
				79639D712004A2160080AB30 /* UITextField+CNLimit.m in Sources */,
				79639D632004A2160080AB30 /* UIColor+Gradient.m in Sources */,
				79639D642004A2160080AB30 /* UITextView+Placeholder.m in Sources */,
				79639D782004A2160080AB30 /* UIImageView+RoundLayer.m in Sources */,
				79293714200C7D4100C0A970 /* RMessageViewController.m in Sources */,
				79639D682004A2160080AB30 /* GJAlertAction.m in Sources */,
				79639D792004A2160080AB30 /* UIImage+Color.m in Sources */,
				79639D7D2004A2160080AB30 /* UIImage+QRCode.m in Sources */,
				7989F8EC2011F8ED0025E2FE /* RRecordsViewController.m in Sources */,
				7976F0F52028465800D09A25 /* WBSegView.m in Sources */,
				7929372C200F4B4700C0A970 /* RReportCell.m in Sources */,
				7964C11E2015E05500B8A1B5 /* RFingerprintViewController.m in Sources */,
				79639D812004A2160080AB30 /* UIImage+Resize.m in Sources */,
				7915F53A2032B74D0091D716 /* RPickerView.m in Sources */,
				79639D5C2004A2160080AB30 /* UIView+ScaleAnimation.m in Sources */,
				79639D752004A2160080AB30 /* UITextField+Limit.m in Sources */,
				79D0737120108729000203C2 /* RPasswordViewController.m in Sources */,
			);
			runOnlyForDeploymentPostprocessing = 0;
		};
/* End PBXSourcesBuildPhase section */

/* Begin XCBuildConfiguration section */
		79651FCD20049D9300A4759F /* Debug */ = {
			isa = XCBuildConfiguration;
			buildSettings = {
				ALWAYS_SEARCH_USER_PATHS = NO;
				CLANG_ANALYZER_NONNULL = YES;
				CLANG_ANALYZER_NUMBER_OBJECT_CONVERSION = YES_AGGRESSIVE;
				CLANG_CXX_LANGUAGE_STANDARD = "gnu++14";
				CLANG_CXX_LIBRARY = "libc++";
				CLANG_ENABLE_MODULES = YES;
				CLANG_ENABLE_OBJC_ARC = YES;
				CLANG_WARN_BLOCK_CAPTURE_AUTORELEASING = YES;
				CLANG_WARN_BOOL_CONVERSION = YES;
				CLANG_WARN_COMMA = YES;
				CLANG_WARN_CONSTANT_CONVERSION = YES;
				CLANG_WARN_DIRECT_OBJC_ISA_USAGE = YES_ERROR;
				CLANG_WARN_DOCUMENTATION_COMMENTS = YES;
				CLANG_WARN_EMPTY_BODY = YES;
				CLANG_WARN_ENUM_CONVERSION = YES;
				CLANG_WARN_INFINITE_RECURSION = YES;
				CLANG_WARN_INT_CONVERSION = YES;
				CLANG_WARN_NON_LITERAL_NULL_CONVERSION = YES;
				CLANG_WARN_OBJC_LITERAL_CONVERSION = YES;
				CLANG_WARN_OBJC_ROOT_CLASS = YES_ERROR;
				CLANG_WARN_RANGE_LOOP_ANALYSIS = YES;
				CLANG_WARN_STRICT_PROTOTYPES = YES;
				CLANG_WARN_SUSPICIOUS_MOVE = YES;
				CLANG_WARN_UNGUARDED_AVAILABILITY = YES_AGGRESSIVE;
				CLANG_WARN_UNREACHABLE_CODE = YES;
				CLANG_WARN__DUPLICATE_METHOD_MATCH = YES;
				CODE_SIGN_IDENTITY = "iPhone Developer";
				COPY_PHASE_STRIP = NO;
				DEBUG_INFORMATION_FORMAT = dwarf;
				ENABLE_STRICT_OBJC_MSGSEND = YES;
				ENABLE_TESTABILITY = YES;
				GCC_C_LANGUAGE_STANDARD = gnu11;
				GCC_DYNAMIC_NO_PIC = NO;
				GCC_NO_COMMON_BLOCKS = YES;
				GCC_OPTIMIZATION_LEVEL = 0;
				GCC_PREPROCESSOR_DEFINITIONS = (
					"DEBUG=1",
					"$(inherited)",
				);
				GCC_WARN_64_TO_32_BIT_CONVERSION = YES;
				GCC_WARN_ABOUT_RETURN_TYPE = YES_ERROR;
				GCC_WARN_UNDECLARED_SELECTOR = YES;
				GCC_WARN_UNINITIALIZED_AUTOS = YES_AGGRESSIVE;
				GCC_WARN_UNUSED_FUNCTION = YES;
				GCC_WARN_UNUSED_VARIABLE = YES;
				IPHONEOS_DEPLOYMENT_TARGET = 11.1;
				MTL_ENABLE_DEBUG_INFO = YES;
				ONLY_ACTIVE_ARCH = YES;
				SDKROOT = iphoneos;
			};
			name = Debug;
		};
		79651FCE20049D9300A4759F /* Release */ = {
			isa = XCBuildConfiguration;
			buildSettings = {
				ALWAYS_SEARCH_USER_PATHS = NO;
				CLANG_ANALYZER_NONNULL = YES;
				CLANG_ANALYZER_NUMBER_OBJECT_CONVERSION = YES_AGGRESSIVE;
				CLANG_CXX_LANGUAGE_STANDARD = "gnu++14";
				CLANG_CXX_LIBRARY = "libc++";
				CLANG_ENABLE_MODULES = YES;
				CLANG_ENABLE_OBJC_ARC = YES;
				CLANG_WARN_BLOCK_CAPTURE_AUTORELEASING = YES;
				CLANG_WARN_BOOL_CONVERSION = YES;
				CLANG_WARN_COMMA = YES;
				CLANG_WARN_CONSTANT_CONVERSION = YES;
				CLANG_WARN_DIRECT_OBJC_ISA_USAGE = YES_ERROR;
				CLANG_WARN_DOCUMENTATION_COMMENTS = YES;
				CLANG_WARN_EMPTY_BODY = YES;
				CLANG_WARN_ENUM_CONVERSION = YES;
				CLANG_WARN_INFINITE_RECURSION = YES;
				CLANG_WARN_INT_CONVERSION = YES;
				CLANG_WARN_NON_LITERAL_NULL_CONVERSION = YES;
				CLANG_WARN_OBJC_LITERAL_CONVERSION = YES;
				CLANG_WARN_OBJC_ROOT_CLASS = YES_ERROR;
				CLANG_WARN_RANGE_LOOP_ANALYSIS = YES;
				CLANG_WARN_STRICT_PROTOTYPES = YES;
				CLANG_WARN_SUSPICIOUS_MOVE = YES;
				CLANG_WARN_UNGUARDED_AVAILABILITY = YES_AGGRESSIVE;
				CLANG_WARN_UNREACHABLE_CODE = YES;
				CLANG_WARN__DUPLICATE_METHOD_MATCH = YES;
				CODE_SIGN_IDENTITY = "iPhone Developer";
				COPY_PHASE_STRIP = NO;
				DEBUG_INFORMATION_FORMAT = "dwarf-with-dsym";
				ENABLE_NS_ASSERTIONS = NO;
				ENABLE_STRICT_OBJC_MSGSEND = YES;
				GCC_C_LANGUAGE_STANDARD = gnu11;
				GCC_NO_COMMON_BLOCKS = YES;
				GCC_WARN_64_TO_32_BIT_CONVERSION = YES;
				GCC_WARN_ABOUT_RETURN_TYPE = YES_ERROR;
				GCC_WARN_UNDECLARED_SELECTOR = YES;
				GCC_WARN_UNINITIALIZED_AUTOS = YES_AGGRESSIVE;
				GCC_WARN_UNUSED_FUNCTION = YES;
				GCC_WARN_UNUSED_VARIABLE = YES;
				IPHONEOS_DEPLOYMENT_TARGET = 11.1;
				MTL_ENABLE_DEBUG_INFO = NO;
				SDKROOT = iphoneos;
				VALIDATE_PRODUCT = YES;
			};
			name = Release;
		};
		79651FD020049D9300A4759F /* Debug */ = {
			isa = XCBuildConfiguration;
			baseConfigurationReference = DA44BC6B2B72C6F6747BED2A /* Pods-SmartLock.debug.xcconfig */;
			buildSettings = {
				ASSETCATALOG_COMPILER_APPICON_NAME = AppIcon;
				ASSETCATALOG_COMPILER_LAUNCHIMAGE_NAME = LaunchImage;
				CODE_SIGN_STYLE = Automatic;
				GCC_PREFIX_HEADER = "SmartLock/SmartLock-PrefixHeader.pch";
				INFOPLIST_FILE = SmartLock/Info.plist;
				IPHONEOS_DEPLOYMENT_TARGET = 9.0;
				LD_RUNPATH_SEARCH_PATHS = "$(inherited) @executable_path/Frameworks";
				PRODUCT_BUNDLE_IDENTIFIER = com.richard.SmartLock;
				PRODUCT_NAME = "$(TARGET_NAME)";
				TARGETED_DEVICE_FAMILY = 1;
				WARNING_CFLAGS = "-Wno-unknown-escape-sequence";
			};
			name = Debug;
		};
		79651FD120049D9300A4759F /* Release */ = {
			isa = XCBuildConfiguration;
			baseConfigurationReference = E2D8AA35A084C657B8F35041 /* Pods-SmartLock.release.xcconfig */;
			buildSettings = {
				ASSETCATALOG_COMPILER_APPICON_NAME = AppIcon;
				ASSETCATALOG_COMPILER_LAUNCHIMAGE_NAME = LaunchImage;
				CODE_SIGN_STYLE = Automatic;
				GCC_PREFIX_HEADER = "SmartLock/SmartLock-PrefixHeader.pch";
				INFOPLIST_FILE = SmartLock/Info.plist;
				IPHONEOS_DEPLOYMENT_TARGET = 9.0;
				LD_RUNPATH_SEARCH_PATHS = "$(inherited) @executable_path/Frameworks";
				PRODUCT_BUNDLE_IDENTIFIER = com.richard.SmartLock;
				PRODUCT_NAME = "$(TARGET_NAME)";
				TARGETED_DEVICE_FAMILY = 1;
				WARNING_CFLAGS = "-Wno-unknown-escape-sequence";
			};
			name = Release;
		};
/* End XCBuildConfiguration section */

/* Begin XCConfigurationList section */
		79651FB420049D9300A4759F /* Build configuration list for PBXProject "SmartLock" */ = {
			isa = XCConfigurationList;
			buildConfigurations = (
				79651FCD20049D9300A4759F /* Debug */,
				79651FCE20049D9300A4759F /* Release */,
			);
			defaultConfigurationIsVisible = 0;
			defaultConfigurationName = Release;
		};
		79651FCF20049D9300A4759F /* Build configuration list for PBXNativeTarget "SmartLock" */ = {
			isa = XCConfigurationList;
			buildConfigurations = (
				79651FD020049D9300A4759F /* Debug */,
				79651FD120049D9300A4759F /* Release */,
			);
			defaultConfigurationIsVisible = 0;
			defaultConfigurationName = Release;
		};
/* End XCConfigurationList section */
	};
	rootObject = 79651FB120049D9300A4759F /* Project object */;
}
